hash: 53be8df33577c8201160c177edbe81c6ae85de826a8c032585adf92cac63b225
updated: 2016-05-21T14:40:04.125227744-04:00
imports:
- name: github.com/ernesto-jimenez/httplogger
  version: 86cc44f6150a7e9dca8586e425a9c73e71f8ae7d
- name: github.com/pkg/errors
  version: f85d45fecf0c92c382e731cb03f481957e2ccdd1
- name: github.com/stretchr/testify
  version: 6cb3b85ef5a0efef77caef88363ec4d4b5c0976d
  subpackages:
  - assert
- name: github.com/t11e/go-discoveryclient
  version: 632687f50ecad6fcf88d839d669a11008e65a541
- name: github.com/t11e/go-pebbleclient
  version: bbeae253010047eafaf48c641dc10d26148b331c
- name: github.com/vektra/mockery
  version: 3603a98efa82b3b34d74b22cc3c1a2f961e03b21
- name: golang.org/x/net
  version: 0c607074acd38c5f23d1344dfe74c977464d1257
  subpackages:
  - context
  - context/ctxhttp
devImports: []
